PODS:
  - ParticlesLoadingView (0.2)

DEPENDENCIES:
  - ParticlesLoadingView (from `../`)

EXTERNAL SOURCES:
  ParticlesLoadingView:
    :path: "../"

SPEC CHECKSUMS:
  ParticlesLoadingView: bf9d4b07166ed7d692b1275f7368862da89ee60f

PODFILE CHECKSUM: 045949d6f37f0559cd4ad92def787e1fe4d41009

COCOAPODS: 1.0.0
